
Microsoft Visual Studio Solution File, Format Version 12.00
# Visual Studio Version 17
VisualStudioVersion = 17.5.002.0
MinimumVisualStudioVersion = 10.0.40219.1
Project("{9A19103F-16F7-4668-BE54-9A1E7A4F7556}") = "program003c-vykresleni-obrazcu", "program003c-vykresleni-obrazcu.csproj", "{E05175F3-5F3B-43C9-A5E7-E5FEC16E4BDD}"
EndProject
Global
	GlobalSection(SolutionConfigurationPlatforms) = preSolution
		Debug|Any CPU = Debug|Any CPU
		Release|Any CPU = Release|Any CPU
	EndGlobalSection
	GlobalSection(ProjectConfigurationPlatforms) = postSolution
		{E05175F3-5F3B-43C9-A5E7-E5FEC16E4BDD}.Debug|Any CPU.ActiveCfg = Debug|Any CPU
		{E05175F3-5F3B-43C9-A5E7-E5FEC16E4BDD}.Debug|Any CPU.Build.0 = Debug|Any CPU
		{E05175F3-5F3B-43C9-A5E7-E5FEC16E4BDD}.Release|Any CPU.ActiveCfg = Release|Any CPU
		{E05175F3-5F3B-43C9-A5E7-E5FEC16E4BDD}.Release|Any CPU.Build.0 = Release|Any CPU
	EndGlobalSection
	GlobalSection(SolutionProperties) = preSolution
		HideSolutionNode = FALSE
	EndGlobalSection
	GlobalSection(ExtensibilityGlobals) = postSolution
		SolutionGuid = {008E0E9D-47C1-44BE-88F5-5E2F442C5449}
	EndGlobalSection
EndGlobal
