
Microsoft Visual Studio Solution File, Format Version 12.00
# Visual Studio Version 17
VisualStudioVersion = 17.5.002.0
MinimumVisualStudioVersion = 10.0.40219.1
Project("{9A19103F-16F7-4668-BE54-9A1E7A4F7556}") = "program016a-nsd-nsn", "program016a-nsd-nsn.csproj", "{39928E3F-50DC-4663-B49F-76A036D58B0B}"
EndProject
Global
	GlobalSection(SolutionConfigurationPlatforms) = preSolution
		Debug|Any CPU = Debug|Any CPU
		Release|Any CPU = Release|Any CPU
	EndGlobalSection
	GlobalSection(ProjectConfigurationPlatforms) = postSolution
		{39928E3F-50DC-4663-B49F-76A036D58B0B}.Debug|Any CPU.ActiveCfg = Debug|Any CPU
		{39928E3F-50DC-4663-B49F-76A036D58B0B}.Debug|Any CPU.Build.0 = Debug|Any CPU
		{39928E3F-50DC-4663-B49F-76A036D58B0B}.Release|Any CPU.ActiveCfg = Release|Any CPU
		{39928E3F-50DC-4663-B49F-76A036D58B0B}.Release|Any CPU.Build.0 = Release|Any CPU
	EndGlobalSection
	GlobalSection(SolutionProperties) = preSolution
		HideSolutionNode = FALSE
	EndGlobalSection
	GlobalSection(ExtensibilityGlobals) = postSolution
		SolutionGuid = {9564E324-2D01-4D94-9463-3C35A7E7DAFA}
	EndGlobalSection
EndGlobal
