
Microsoft Visual Studio Solution File, Format Version 12.00
# Visual Studio Version 17
VisualStudioVersion = 17.5.002.0
MinimumVisualStudioVersion = 10.0.40219.1
Project("{9A19103F-16F7-4668-BE54-9A1E7A4F7556}") = "program012b-intervaly", "program012b-intervaly.csproj", "{ACF58F52-0ABA-4874-A4A9-EBB360492FD5}"
EndProject
Global
	GlobalSection(SolutionConfigurationPlatforms) = preSolution
		Debug|Any CPU = Debug|Any CPU
		Release|Any CPU = Release|Any CPU
	EndGlobalSection
	GlobalSection(ProjectConfigurationPlatforms) = postSolution
		{ACF58F52-0ABA-4874-A4A9-EBB360492FD5}.Debug|Any CPU.ActiveCfg = Debug|Any CPU
		{ACF58F52-0ABA-4874-A4A9-EBB360492FD5}.Debug|Any CPU.Build.0 = Debug|Any CPU
		{ACF58F52-0ABA-4874-A4A9-EBB360492FD5}.Release|Any CPU.ActiveCfg = Release|Any CPU
		{ACF58F52-0ABA-4874-A4A9-EBB360492FD5}.Release|Any CPU.Build.0 = Release|Any CPU
	EndGlobalSection
	GlobalSection(SolutionProperties) = preSolution
		HideSolutionNode = FALSE
	EndGlobalSection
	GlobalSection(ExtensibilityGlobals) = postSolution
		SolutionGuid = {3629E752-D7D6-428C-BA0E-32528D85ED06}
	EndGlobalSection
EndGlobal
