
Microsoft Visual Studio Solution File, Format Version 12.00
# Visual Studio Version 17
VisualStudioVersion = 17.5.002.0
MinimumVisualStudioVersion = 10.0.40219.1
Project("{9A19103F-16F7-4668-BE54-9A1E7A4F7556}") = "program011a-vypocet-pi", "program011a-vypocet-pi.csproj", "{1FA346B9-DA8C-426D-8E85-95BB940B6A7E}"
EndProject
Global
	GlobalSection(SolutionConfigurationPlatforms) = preSolution
		Debug|Any CPU = Debug|Any CPU
		Release|Any CPU = Release|Any CPU
	EndGlobalSection
	GlobalSection(ProjectConfigurationPlatforms) = postSolution
		{1FA346B9-DA8C-426D-8E85-95BB940B6A7E}.Debug|Any CPU.ActiveCfg = Debug|Any CPU
		{1FA346B9-DA8C-426D-8E85-95BB940B6A7E}.Debug|Any CPU.Build.0 = Debug|Any CPU
		{1FA346B9-DA8C-426D-8E85-95BB940B6A7E}.Release|Any CPU.ActiveCfg = Release|Any CPU
		{1FA346B9-DA8C-426D-8E85-95BB940B6A7E}.Release|Any CPU.Build.0 = Release|Any CPU
	EndGlobalSection
	GlobalSection(SolutionProperties) = preSolution
		HideSolutionNode = FALSE
	EndGlobalSection
	GlobalSection(ExtensibilityGlobals) = postSolution
		SolutionGuid = {DC376F1A-A1B0-47D5-A36B-38E0A5FEA8E6}
	EndGlobalSection
EndGlobal
