
Microsoft Visual Studio Solution File, Format Version 12.00
# Visual Studio Version 17
VisualStudioVersion = 17.5.002.0
MinimumVisualStudioVersion = 10.0.40219.1
Project("{9A19103F-16F7-4668-BE54-9A1E7A4F7556}") = "program009-array-reversing", "program009-array-reversing.csproj", "{78828893-9EE9-4D83-9EDB-4DD76A2C129A}"
EndProject
Global
	GlobalSection(SolutionConfigurationPlatforms) = preSolution
		Debug|Any CPU = Debug|Any CPU
		Release|Any CPU = Release|Any CPU
	EndGlobalSection
	GlobalSection(ProjectConfigurationPlatforms) = postSolution
		{78828893-9EE9-4D83-9EDB-4DD76A2C129A}.Debug|Any CPU.ActiveCfg = Debug|Any CPU
		{78828893-9EE9-4D83-9EDB-4DD76A2C129A}.Debug|Any CPU.Build.0 = Debug|Any CPU
		{78828893-9EE9-4D83-9EDB-4DD76A2C129A}.Release|Any CPU.ActiveCfg = Release|Any CPU
		{78828893-9EE9-4D83-9EDB-4DD76A2C129A}.Release|Any CPU.Build.0 = Release|Any CPU
	EndGlobalSection
	GlobalSection(SolutionProperties) = preSolution
		HideSolutionNode = FALSE
	EndGlobalSection
	GlobalSection(ExtensibilityGlobals) = postSolution
		SolutionGuid = {EB3AF84F-43E8-461A-9653-8873FC29948B}
	EndGlobalSection
EndGlobal
